// !$*UTF8*$!
{
	archiveVersion = 1;
	classes = {
	};
	objectVersion = 77;
	objects = {

/* Begin PBXBuildFile section */
		9B949A582D2F4402003E430A /* Bookmark Buddy Extension.appex in Embed Foundation Extensions */ = {isa = PBXBuildFile; fileRef = 9B949A572D2F4402003E430A /* Bookmark Buddy Extension.appex */; settings = {ATTRIBUTES = (RemoveHeadersOnCopy, ); }; };
		9B949A622D2F4402003E430A /* Bookmark Buddy Extension.appex in Embed Foundation Extensions */ = {isa = PBXBuildFile; fileRef = 9B949A612D2F4402003E430A /* Bookmark Buddy Extension.appex */; settings = {ATTRIBUTES = (RemoveHeadersOnCopy, ); }; };
/* End PBXBuildFile section */

/* Begin PBXContainerItemProxy section */
		9B949A592D2F4402003E430A /* PBXContainerItemProxy */ = {
			isa = PBXContainerItemProxy;
			containerPortal = 9B949A1D2D2F4401003E430A /* Project object */;
			proxyType = 1;
			remoteGlobalIDString = 9B949A562D2F4402003E430A;
			remoteInfo = "Bookmark Buddy Extension (iOS)";
		};
		9B949A632D2F4402003E430A /* PBXContainerItemProxy */ = {
			isa = PBXContainerItemProxy;
			containerPortal = 9B949A1D2D2F4401003E430A /* Project object */;
			proxyType = 1;
			remoteGlobalIDString = 9B949A602D2F4402003E430A;
			remoteInfo = "Bookmark Buddy Extension (macOS)";
		};
/* End PBXContainerItemProxy section */

/* Begin PBXCopyFilesBuildPhase section */
		9B949A8B2D2F4402003E430A /* Embed Foundation Extensions */ = {
			isa = PBXCopyFilesBuildPhase;
			buildActionMask = 2147483647;
			dstPath = "";
			dstSubfolderSpec = 13;
			files = (
				9B949A582D2F4402003E430A /* Bookmark Buddy Extension.appex in Embed Foundation Extensions */,
			);
			name = "Embed Foundation Extensions";
			runOnlyForDeploymentPostprocessing = 0;
		};
		9B949A952D2F4402003E430A /* Embed Foundation Extensions */ = {
			isa = PBXCopyFilesBuildPhase;
			buildActionMask = 2147483647;
			dstPath = "";
			dstSubfolderSpec = 13;
			files = (
				9B949A622D2F4402003E430A /* Bookmark Buddy Extension.appex in Embed Foundation Extensions */,
			);
			name = "Embed Foundation Extensions";
			runOnlyForDeploymentPostprocessing = 0;
		};
/* End PBXCopyFilesBuildPhase section */

/* Begin PBXFileReference section */
		9B949A392D2F4402003E430A /* Bookmark Buddy.app */ = {isa = PBXFileReference; explicitFileType = wrapper.application; includeInIndex = 0; path = "Bookmark Buddy.app"; sourceTree = BUILT_PRODUCTS_DIR; };
		9B949A4B2D2F4402003E430A /* Bookmark Buddy.app */ = {isa = PBXFileReference; explicitFileType = wrapper.application; includeInIndex = 0; path = "Bookmark Buddy.app"; sourceTree = BUILT_PRODUCTS_DIR; };
		9B949A572D2F4402003E430A /* Bookmark Buddy Extension.appex */ = {isa = PBXFileReference; explicitFileType = "wrapper.app-extension"; includeInIndex = 0; path = "Bookmark Buddy Extension.appex"; sourceTree = BUILT_PRODUCTS_DIR; };
		9B949A612D2F4402003E430A /* Bookmark Buddy Extension.appex */ = {isa = PBXFileReference; explicitFileType = "wrapper.app-extension"; includeInIndex = 0; path = "Bookmark Buddy Extension.appex"; sourceTree = BUILT_PRODUCTS_DIR; };
/* End PBXFileReference section */

/* Begin PBXFileSystemSynchronizedBuildFileExceptionSet section */
		9B949A862D2F4402003E430A /* Exceptions for "Shared (App)" folder in "Bookmark Buddy (iOS)" target */ = {
			isa = PBXFileSystemSynchronizedBuildFileExceptionSet;
			membershipExceptions = (
				"/Localized: Resources/Main.html",
				Assets.xcassets,
				Resources/Icon.png,
				Resources/Script.js,
				Resources/Style.css,
				ViewController.swift,
			);
			target = 9B949A382D2F4402003E430A /* Bookmark Buddy (iOS) */;
		};
		9B949A8A2D2F4402003E430A /* Exceptions for "iOS (Extension)" folder in "Bookmark Buddy Extension (iOS)" target */ = {
			isa = PBXFileSystemSynchronizedBuildFileExceptionSet;
			membershipExceptions = (
				Info.plist,
			);
			target = 9B949A562D2F4402003E430A /* Bookmark Buddy Extension (iOS) */;
		};
		9B949A8F2D2F4402003E430A /* Exceptions for "iOS (App)" folder in "Bookmark Buddy (iOS)" target */ = {
			isa = PBXFileSystemSynchronizedBuildFileExceptionSet;
			membershipExceptions = (
				Info.plist,
			);
			target = 9B949A382D2F4402003E430A /* Bookmark Buddy (iOS) */;
		};
		9B949A902D2F4402003E430A /* Exceptions for "Shared (App)" folder in "Bookmark Buddy (macOS)" target */ = {
			isa = PBXFileSystemSynchronizedBuildFileExceptionSet;
			membershipExceptions = (
				"/Localized: Resources/Main.html",
				Assets.xcassets,
				Resources/Icon.png,
				Resources/Script.js,
				Resources/Style.css,
				ViewController.swift,
			);
			target = 9B949A4A2D2F4402003E430A /* Bookmark Buddy (macOS) */;
		};
		9B949A942D2F4402003E430A /* Exceptions for "macOS (Extension)" folder in "Bookmark Buddy Extension (macOS)" target */ = {
			isa = PBXFileSystemSynchronizedBuildFileExceptionSet;
			membershipExceptions = (
				Info.plist,
			);
			target = 9B949A602D2F4402003E430A /* Bookmark Buddy Extension (macOS) */;
		};
		9B949A992D2F4402003E430A /* Exceptions for "Shared (Extension)" folder in "Bookmark Buddy Extension (iOS)" target */ = {
			isa = PBXFileSystemSynchronizedBuildFileExceptionSet;
			membershipExceptions = (
				Resources/_locales,
				Resources/background.js,
				Resources/content.js,
				Resources/images,
				Resources/manifest.json,
				Resources/popup.css,
				Resources/popup.html,
				Resources/popup.js,
				SafariWebExtensionHandler.swift,
			);
			target = 9B949A562D2F4402003E430A /* Bookmark Buddy Extension (iOS) */;
		};
		9B949A9A2D2F4402003E430A /* Exceptions for "Shared (Extension)" folder in "Bookmark Buddy Extension (macOS)" target */ = {
			isa = PBXFileSystemSynchronizedBuildFileExceptionSet;
			membershipExceptions = (
				Resources/_locales,
				Resources/background.js,
				Resources/content.js,
				Resources/images,
				Resources/manifest.json,
				Resources/popup.css,
				Resources/popup.html,
				Resources/popup.js,
				SafariWebExtensionHandler.swift,
			);
			target = 9B949A602D2F4402003E430A /* Bookmark Buddy Extension (macOS) */;
		};
/* End PBXFileSystemSynchronizedBuildFileExceptionSet section */

/* Begin PBXFileSystemSynchronizedRootGroup section */
		9B949A212D2F4401003E430A /* Shared (App) */ = {
			isa = PBXFileSystemSynchronizedRootGroup;
			exceptions = (
				9B949A862D2F4402003E430A /* Exceptions for "Shared (App)" folder in "Bookmark Buddy (iOS)" target */,
				9B949A902D2F4402003E430A /* Exceptions for "Shared (App)" folder in "Bookmark Buddy (macOS)" target */,
			);
			path = "Shared (App)";
			sourceTree = "<group>";
		};
		9B949A2A2D2F4402003E430A /* Shared (Extension) */ = {
			isa = PBXFileSystemSynchronizedRootGroup;
			exceptions = (
				9B949A992D2F4402003E430A /* Exceptions for "Shared (Extension)" folder in "Bookmark Buddy Extension (iOS)" target */,
				9B949A9A2D2F4402003E430A /* Exceptions for "Shared (Extension)" folder in "Bookmark Buddy Extension (macOS)" target */,
			);
			explicitFolders = (
				Resources/_locales,
				Resources/images,
			);
			path = "Shared (Extension)";
			sourceTree = "<group>";
		};
		9B949A3B2D2F4402003E430A /* iOS (App) */ = {
			isa = PBXFileSystemSynchronizedRootGroup;
			exceptions = (
				9B949A8F2D2F4402003E430A /* Exceptions for "iOS (App)" folder in "Bookmark Buddy (iOS)" target */,
			);
			path = "iOS (App)";
			sourceTree = "<group>";
		};
		9B949A4C2D2F4402003E430A /* macOS (App) */ = {
			isa = PBXFileSystemSynchronizedRootGroup;
			path = "macOS (App)";
			sourceTree = "<group>";
		};
		9B949A5B2D2F4402003E430A /* iOS (Extension) */ = {
			isa = PBXFileSystemSynchronizedRootGroup;
			exceptions = (
				9B949A8A2D2F4402003E430A /* Exceptions for "iOS (Extension)" folder in "Bookmark Buddy Extension (iOS)" target */,
			);
			path = "iOS (Extension)";
			sourceTree = "<group>";
		};
		9B949A652D2F4402003E430A /* macOS (Extension) */ = {
			isa = PBXFileSystemSynchronizedRootGroup;
			exceptions = (
				9B949A942D2F4402003E430A /* Exceptions for "macOS (Extension)" folder in "Bookmark Buddy Extension (macOS)" target */,
			);
			path = "macOS (Extension)";
			sourceTree = "<group>";
		};
/* End PBXFileSystemSynchronizedRootGroup section */

/* Begin PBXFrameworksBuildPhase section */
		9B949A362D2F4402003E430A /* Frameworks */ = {
			isa = PBXFrameworksBuildPhase;
			buildActionMask = 2147483647;
			files = (
			);
			runOnlyForDeploymentPostprocessing = 0;
		};
		9B949A482D2F4402003E430A /* Frameworks */ = {
			isa = PBXFrameworksBuildPhase;
			buildActionMask = 2147483647;
			files = (
			);
			runOnlyForDeploymentPostprocessing = 0;
		};
		9B949A542D2F4402003E430A /* Frameworks */ = {
			isa = PBXFrameworksBuildPhase;
			buildActionMask = 2147483647;
			files = (
			);
			runOnlyForDeploymentPostprocessing = 0;
		};
		9B949A5E2D2F4402003E430A /* Frameworks */ = {
			isa = PBXFrameworksBuildPhase;
			buildActionMask = 2147483647;
			files = (
			);
			runOnlyForDeploymentPostprocessing = 0;
		};
/* End PBXFrameworksBuildPhase section */

/* Begin PBXGroup section */
		9B949A1C2D2F4401003E430A = {
			isa = PBXGroup;
			children = (
				9B949A212D2F4401003E430A /* Shared (App) */,
				9B949A2A2D2F4402003E430A /* Shared (Extension) */,
				9B949A3B2D2F4402003E430A /* iOS (App) */,
				9B949A4C2D2F4402003E430A /* macOS (App) */,
				9B949A5B2D2F4402003E430A /* iOS (Extension) */,
				9B949A652D2F4402003E430A /* macOS (Extension) */,
				9B949A3A2D2F4402003E430A /* Products */,
			);
			sourceTree = "<group>";
		};
		9B949A3A2D2F4402003E430A /* Products */ = {
			isa = PBXGroup;
			children = (
				9B949A392D2F4402003E430A /* Bookmark Buddy.app */,
				9B949A4B2D2F4402003E430A /* Bookmark Buddy.app */,
				9B949A572D2F4402003E430A /* Bookmark Buddy Extension.appex */,
				9B949A612D2F4402003E430A /* Bookmark Buddy Extension.appex */,
			);
			name = Products;
			sourceTree = "<group>";
		};
/* End PBXGroup section */

/* Begin PBXNativeTarget section */
		9B949A382D2F4402003E430A /* Bookmark Buddy (iOS) */ = {
			isa = PBXNativeTarget;
			buildConfigurationList = 9B949A8C2D2F4402003E430A /* Build configuration list for PBXNativeTarget "Bookmark Buddy (iOS)" */;
			buildPhases = (
				9B949A352D2F4402003E430A /* Sources */,
				9B949A362D2F4402003E430A /* Frameworks */,
				9B949A372D2F4402003E430A /* Resources */,
				9B949A8B2D2F4402003E430A /* Embed Foundation Extensions */,
			);
			buildRules = (
			);
			dependencies = (
				9B949A5A2D2F4402003E430A /* PBXTargetDependency */,
			);
			fileSystemSynchronizedGroups = (
				9B949A3B2D2F4402003E430A /* iOS (App) */,
			);
			name = "Bookmark Buddy (iOS)";
			packageProductDependencies = (
			);
			productName = "Bookmark Buddy (iOS)";
			productReference = 9B949A392D2F4402003E430A /* Bookmark Buddy.app */;
			productType = "com.apple.product-type.application";
		};
		9B949A4A2D2F4402003E430A /* Bookmark Buddy (macOS) */ = {
			isa = PBXNativeTarget;
			buildConfigurationList = 9B949A962D2F4402003E430A /* Build configuration list for PBXNativeTarget "Bookmark Buddy (macOS)" */;
			buildPhases = (
				9B949A472D2F4402003E430A /* Sources */,
				9B949A482D2F4402003E430A /* Frameworks */,
				9B949A492D2F4402003E430A /* Resources */,
				9B949A952D2F4402003E430A /* Embed Foundation Extensions */,
			);
			buildRules = (
			);
			dependencies = (
				9B949A642D2F4402003E430A /* PBXTargetDependency */,
			);
			fileSystemSynchronizedGroups = (
				9B949A4C2D2F4402003E430A /* macOS (App) */,
			);
			name = "Bookmark Buddy (macOS)";
			packageProductDependencies = (
			);
			productName = "Bookmark Buddy (macOS)";
			productReference = 9B949A4B2D2F4402003E430A /* Bookmark Buddy.app */;
			productType = "com.apple.product-type.application";
		};
		9B949A562D2F4402003E430A /* Bookmark Buddy Extension (iOS) */ = {
			isa = PBXNativeTarget;
			buildConfigurationList = 9B949A872D2F4402003E430A /* Build configuration list for PBXNativeTarget "Bookmark Buddy Extension (iOS)" */;
			buildPhases = (
				9B949A532D2F4402003E430A /* Sources */,
				9B949A542D2F4402003E430A /* Frameworks */,
				9B949A552D2F4402003E430A /* Resources */,
			);
			buildRules = (
			);
			dependencies = (
			);
			fileSystemSynchronizedGroups = (
				9B949A5B2D2F4402003E430A /* iOS (Extension) */,
			);
			name = "Bookmark Buddy Extension (iOS)";
			packageProductDependencies = (
			);
			productName = "Bookmark Buddy Extension (iOS)";
			productReference = 9B949A572D2F4402003E430A /* Bookmark Buddy Extension.appex */;
			productType = "com.apple.product-type.app-extension";
		};
		9B949A602D2F4402003E430A /* Bookmark Buddy Extension (macOS) */ = {
			isa = PBXNativeTarget;
			buildConfigurationList = 9B949A912D2F4402003E430A /* Build configuration list for PBXNativeTarget "Bookmark Buddy Extension (macOS)" */;
			buildPhases = (
				9B949A5D2D2F4402003E430A /* Sources */,
				9B949A5E2D2F4402003E430A /* Frameworks */,
				9B949A5F2D2F4402003E430A /* Resources */,
			);
			buildRules = (
			);
			dependencies = (
			);
			fileSystemSynchronizedGroups = (
				9B949A652D2F4402003E430A /* macOS (Extension) */,
			);
			name = "Bookmark Buddy Extension (macOS)";
			packageProductDependencies = (
			);
			productName = "Bookmark Buddy Extension (macOS)";
			productReference = 9B949A612D2F4402003E430A /* Bookmark Buddy Extension.appex */;
			productType = "com.apple.product-type.app-extension";
		};
/* End PBXNativeTarget section */

/* Begin PBXProject section */
		9B949A1D2D2F4401003E430A /* Project object */ = {
			isa = PBXProject;
			attributes = {
				BuildIndependentTargetsInParallel = 1;
				LastSwiftUpdateCheck = 1620;
				LastUpgradeCheck = 1620;
				TargetAttributes = {
					9B949A382D2F4402003E430A = {
						CreatedOnToolsVersion = 16.2;
					};
					9B949A4A2D2F4402003E430A = {
						CreatedOnToolsVersion = 16.2;
					};
					9B949A562D2F4402003E430A = {
						CreatedOnToolsVersion = 16.2;
					};
					9B949A602D2F4402003E430A = {
						CreatedOnToolsVersion = 16.2;
					};
				};
			};
			buildConfigurationList = 9B949A202D2F4401003E430A /* Build configuration list for PBXProject "Bookmark Buddy" */;
			developmentRegion = en;
			hasScannedForEncodings = 0;
			knownRegions = (
				en,
				Base,
			);
			mainGroup = 9B949A1C2D2F4401003E430A;
			minimizedProjectReferenceProxies = 1;
			preferredProjectObjectVersion = 77;
			productRefGroup = 9B949A3A2D2F4402003E430A /* Products */;
			projectDirPath = "";
			projectRoot = "";
			targets = (
				9B949A382D2F4402003E430A /* Bookmark Buddy (iOS) */,
				9B949A4A2D2F4402003E430A /* Bookmark Buddy (macOS) */,
				9B949A562D2F4402003E430A /* Bookmark Buddy Extension (iOS) */,
				9B949A602D2F4402003E430A /* Bookmark Buddy Extension (macOS) */,
			);
		};
/* End PBXProject section */

/* Begin PBXResourcesBuildPhase section */
		9B949A372D2F4402003E430A /* Resources */ = {
			isa = PBXResourcesBuildPhase;
			buildActionMask = 2147483647;
			files = (
			);
			runOnlyForDeploymentPostprocessing = 0;
		};
		9B949A492D2F4402003E430A /* Resources */ = {
			isa = PBXResourcesBuildPhase;
			buildActionMask = 2147483647;
			files = (
			);
			runOnlyForDeploymentPostprocessing = 0;
		};
		9B949A552D2F4402003E430A /* Resources */ = {
			isa = PBXResourcesBuildPhase;
			buildActionMask = 2147483647;
			files = (
			);
			runOnlyForDeploymentPostprocessing = 0;
		};
		9B949A5F2D2F4402003E430A /* Resources */ = {
			isa = PBXResourcesBuildPhase;
			buildActionMask = 2147483647;
			files = (
			);
			runOnlyForDeploymentPostprocessing = 0;
		};
/* End PBXResourcesBuildPhase section */

/* Begin PBXSourcesBuildPhase section */
		9B949A352D2F4402003E430A /* Sources */ = {
			isa = PBXSourcesBuildPhase;
			buildActionMask = 2147483647;
			files = (
			);
			runOnlyForDeploymentPostprocessing = 0;
		};
		9B949A472D2F4402003E430A /* Sources */ = {
			isa = PBXSourcesBuildPhase;
			buildActionMask = 2147483647;
			files = (
			);
			runOnlyForDeploymentPostprocessing = 0;
		};
		9B949A532D2F4402003E430A /* Sources */ = {
			isa = PBXSourcesBuildPhase;
			buildActionMask = 2147483647;
			files = (
			);
			runOnlyForDeploymentPostprocessing = 0;
		};
		9B949A5D2D2F4402003E430A /* Sources */ = {
			isa = PBXSourcesBuildPhase;
			buildActionMask = 2147483647;
			files = (
			);
			runOnlyForDeploymentPostprocessing = 0;
		};
/* End PBXSourcesBuildPhase section */

/* Begin PBXTargetDependency section */
		9B949A5A2D2F4402003E430A /* PBXTargetDependency */ = {
			isa = PBXTargetDependency;
			target = 9B949A562D2F4402003E430A /* Bookmark Buddy Extension (iOS) */;
			targetProxy = 9B949A592D2F4402003E430A /* PBXContainerItemProxy */;
		};
		9B949A642D2F4402003E430A /* PBXTargetDependency */ = {
			isa = PBXTargetDependency;
			target = 9B949A602D2F4402003E430A /* Bookmark Buddy Extension (macOS) */;
			targetProxy = 9B949A632D2F4402003E430A /* PBXContainerItemProxy */;
		};
/* End PBXTargetDependency section */

/* Begin XCBuildConfiguration section */
		9B949A882D2F4402003E430A /* Debug */ = {
			isa = XCBuildConfiguration;
			buildSettings = {
				CODE_SIGN_STYLE = Automatic;
				CURRENT_PROJECT_VERSION = 1;
				DEVELOPMENT_TEAM = 39FT745G3K;
				GENERATE_INFOPLIST_FILE = YES;
				INFOPLIST_FILE = "iOS (Extension)/Info.plist";
				INFOPLIST_KEY_CFBundleDisplayName = "Bookmark Buddy Extension";
				INFOPLIST_KEY_NSHumanReadableCopyright = "";
				IPHONEOS_DEPLOYMENT_TARGET = 26.0;
				LD_RUNPATH_SEARCH_PATHS = (
					"$(inherited)",
					"@executable_path/Frameworks",
					"@executable_path/../../Frameworks",
				);
				MARKETING_VERSION = 1.0;
				OTHER_LDFLAGS = (
					"-framework",
					SafariServices,
				);
				PRODUCT_BUNDLE_IDENTIFIER = "marten.Bookmark-Buddy.Extension";
				PRODUCT_NAME = "Bookmark Buddy Extension";
				SDKROOT = iphoneos;
				SKIP_INSTALL = YES;
				SWIFT_EMIT_LOC_STRINGS = YES;
				SWIFT_VERSION = 5.0;
				TARGETED_DEVICE_FAMILY = "1,2";
			};
			name = Debug;
		};
		9B949A892D2F4402003E430A /* Release */ = {
			isa = XCBuildConfiguration;
			buildSettings = {
				CODE_SIGN_STYLE = Automatic;
				CURRENT_PROJECT_VERSION = 1;
				DEVELOPMENT_TEAM = 39FT745G3K;
				GENERATE_INFOPLIST_FILE = YES;
				INFOPLIST_FILE = "iOS (Extension)/Info.plist";
				INFOPLIST_KEY_CFBundleDisplayName = "Bookmark Buddy Extension";
				INFOPLIST_KEY_NSHumanReadableCopyright = "";
				IPHONEOS_DEPLOYMENT_TARGET = 26.0;
				LD_RUNPATH_SEARCH_PATHS = (
					"$(inherited)",
					"@executable_path/Frameworks",
					"@executable_path/../../Frameworks",
				);
				MARKETING_VERSION = 1.0;
				OTHER_LDFLAGS = (
					"-framework",
					SafariServices,
				);
				PRODUCT_BUNDLE_IDENTIFIER = "marten.Bookmark-Buddy.Extension";
				PRODUCT_NAME = "Bookmark Buddy Extension";
				SDKROOT = iphoneos;
				SKIP_INSTALL = YES;
				SWIFT_EMIT_LOC_STRINGS = YES;
				SWIFT_VERSION = 5.0;
				TARGETED_DEVICE_FAMILY = "1,2";
				VALIDATE_PRODUCT = YES;
			};
			name = Release;
		};
		9B949A8D2D2F4402003E430A /* Debug */ = {
			isa = XCBuildConfiguration;
			buildSettings = {
				ASSETCATALOG_COMPILER_APPICON_NAME = AppIcon;
				ASSETCATALOG_COMPILER_GLOBAL_ACCENT_COLOR_NAME = AccentColor;
				CODE_SIGN_STYLE = Automatic;
				CURRENT_PROJECT_VERSION = 1;
				DEVELOPMENT_TEAM = 39FT745G3K;
				GENERATE_INFOPLIST_FILE = YES;
				INFOPLIST_FILE = "iOS (App)/Info.plist";
				INFOPLIST_KEY_CFBundleDisplayName = "Bookmark Buddy";
				INFOPLIST_KEY_UIApplicationSupportsIndirectInputEvents = YES;
				INFOPLIST_KEY_UILaunchStoryboardName = LaunchScreen;
				INFOPLIST_KEY_UIMainStoryboardFile = Main;
				INFOPLIST_KEY_UISupportedInterfaceOrientations = "UIInterfaceOrientationPortrait UIInterfaceOrientationLandscapeLeft UIInterfaceOrientationLandscapeRight";
				INFOPLIST_KEY_UISupportedInterfaceOrientations_iPad = "UIInterfaceOrientationPortrait UIInterfaceOrientationPortraitUpsideDown UIInterfaceOrientationLandscapeLeft UIInterfaceOrientationLandscapeRight";
				IPHONEOS_DEPLOYMENT_TARGET = 26.0;
				LD_RUNPATH_SEARCH_PATHS = (
					"$(inherited)",
					"@executable_path/Frameworks",
				);
				MARKETING_VERSION = 1.0;
				OTHER_LDFLAGS = (
					"-framework",
					SafariServices,
					"-framework",
					WebKit,
				);
				PRODUCT_BUNDLE_IDENTIFIER = "marten.Bookmark-Buddy";
				PRODUCT_NAME = "Bookmark Buddy";
				SDKROOT = iphoneos;
				SWIFT_EMIT_LOC_STRINGS = YES;
				SWIFT_VERSION = 5.0;
				TARGETED_DEVICE_FAMILY = "1,2";
			};
			name = Debug;
		};
		9B949A8E2D2F4402003E430A /* Release */ = {
			isa = XCBuildConfiguration;
			buildSettings = {
				ASSETCATALOG_COMPILER_APPICON_NAME = AppIcon;
				ASSETCATALOG_COMPILER_GLOBAL_ACCENT_COLOR_NAME = AccentColor;
				CODE_SIGN_STYLE = Automatic;
				CURRENT_PROJECT_VERSION = 1;
				DEVELOPMENT_TEAM = 39FT745G3K;
				GENERATE_INFOPLIST_FILE = YES;
				INFOPLIST_FILE = "iOS (App)/Info.plist";
				INFOPLIST_KEY_CFBundleDisplayName = "Bookmark Buddy";
				INFOPLIST_KEY_UIApplicationSupportsIndirectInputEvents = YES;
				INFOPLIST_KEY_UILaunchStoryboardName = LaunchScreen;
				INFOPLIST_KEY_UIMainStoryboardFile = Main;
				INFOPLIST_KEY_UISupportedInterfaceOrientations = "UIInterfaceOrientationPortrait UIInterfaceOrientationLandscapeLeft UIInterfaceOrientationLandscapeRight";
				INFOPLIST_KEY_UISupportedInterfaceOrientations_iPad = "UIInterfaceOrientationPortrait UIInterfaceOrientationPortraitUpsideDown UIInterfaceOrientationLandscapeLeft UIInterfaceOrientationLandscapeRight";
				IPHONEOS_DEPLOYMENT_TARGET = 26.0;
				LD_RUNPATH_SEARCH_PATHS = (
					"$(inherited)",
					"@executable_path/Frameworks",
				);
				MARKETING_VERSION = 1.0;
				OTHER_LDFLAGS = (
					"-framework",
					SafariServices,
					"-framework",
					WebKit,
				);
				PRODUCT_BUNDLE_IDENTIFIER = "marten.Bookmark-Buddy";
				PRODUCT_NAME = "Bookmark Buddy";
				SDKROOT = iphoneos;
				SWIFT_EMIT_LOC_STRINGS = YES;
				SWIFT_VERSION = 5.0;
				TARGETED_DEVICE_FAMILY = "1,2";
				VALIDATE_PRODUCT = YES;
			};
			name = Release;
		};
		9B949A922D2F4402003E430A /* Debug */ = {
			isa = XCBuildConfiguration;
			buildSettings = {
				CODE_SIGN_ENTITLEMENTS = "macOS (Extension)/Bookmark Buddy.entitlements";
				CODE_SIGN_STYLE = Automatic;
				CURRENT_PROJECT_VERSION = 1;
				DEVELOPMENT_TEAM = 39FT745G3K;
				ENABLE_HARDENED_RUNTIME = YES;
				GENERATE_INFOPLIST_FILE = YES;
				INFOPLIST_FILE = "macOS (Extension)/Info.plist";
				INFOPLIST_KEY_CFBundleDisplayName = "Bookmark Buddy Extension";
				INFOPLIST_KEY_NSHumanReadableCopyright = "";
				LD_RUNPATH_SEARCH_PATHS = (
					"$(inherited)",
					"@executable_path/../Frameworks",
					"@executable_path/../../../../Frameworks",
				);
				MACOSX_DEPLOYMENT_TARGET = 10.14;
				MARKETING_VERSION = 1.0;
				OTHER_LDFLAGS = (
					"-framework",
					SafariServices,
				);
				PRODUCT_BUNDLE_IDENTIFIER = "marten.Bookmark-Buddy.Extension";
				PRODUCT_NAME = "Bookmark Buddy Extension";
				SDKROOT = macosx;
				SKIP_INSTALL = YES;
				SWIFT_EMIT_LOC_STRINGS = YES;
				SWIFT_VERSION = 5.0;
			};
			name = Debug;
		};
		9B949A932D2F4402003E430A /* Release */ = {
			isa = XCBuildConfiguration;
			buildSettings = {
				CODE_SIGN_ENTITLEMENTS = "macOS (Extension)/Bookmark Buddy.entitlements";
				CODE_SIGN_STYLE = Automatic;
				CURRENT_PROJECT_VERSION = 1;
				DEVELOPMENT_TEAM = 39FT745G3K;
				ENABLE_HARDENED_RUNTIME = YES;
				GENERATE_INFOPLIST_FILE = YES;
				INFOPLIST_FILE = "macOS (Extension)/Info.plist";
				INFOPLIST_KEY_CFBundleDisplayName = "Bookmark Buddy Extension";
				INFOPLIST_KEY_NSHumanReadableCopyright = "";
				LD_RUNPATH_SEARCH_PATHS = (
					"$(inherited)",
					"@executable_path/../Frameworks",
					"@executable_path/../../../../Frameworks",
				);
				MACOSX_DEPLOYMENT_TARGET = 10.14;
				MARKETING_VERSION = 1.0;
				OTHER_LDFLAGS = (
					"-framework",
					SafariServices,
				);
				PRODUCT_BUNDLE_IDENTIFIER = "marten.Bookmark-Buddy.Extension";
				PRODUCT_NAME = "Bookmark Buddy Extension";
				SDKROOT = macosx;
				SKIP_INSTALL = YES;
				SWIFT_EMIT_LOC_STRINGS = YES;
				SWIFT_VERSION = 5.0;
			};
			name = Release;
		};
		9B949A972D2F4402003E430A /* Debug */ = {
			isa = XCBuildConfiguration;
			buildSettings = {
				ASSETCATALOG_COMPILER_APPICON_NAME = AppIcon;
				ASSETCATALOG_COMPILER_GLOBAL_ACCENT_COLOR_NAME = AccentColor;
				CODE_SIGN_ENTITLEMENTS = "macOS (App)/Bookmark Buddy.entitlements";
				CODE_SIGN_STYLE = Automatic;
				CURRENT_PROJECT_VERSION = 1;
				DEVELOPMENT_TEAM = 39FT745G3K;
				ENABLE_HARDENED_RUNTIME = YES;
				GENERATE_INFOPLIST_FILE = YES;
				INFOPLIST_KEY_CFBundleDisplayName = "Bookmark Buddy";
				INFOPLIST_KEY_NSMainStoryboardFile = Main;
				INFOPLIST_KEY_NSPrincipalClass = NSApplication;
				LD_RUNPATH_SEARCH_PATHS = (
					"$(inherited)",
					"@executable_path/../Frameworks",
				);
				MACOSX_DEPLOYMENT_TARGET = 10.14;
				MARKETING_VERSION = 1.0;
				OTHER_LDFLAGS = (
					"-framework",
					SafariServices,
					"-framework",
					WebKit,
				);
				PRODUCT_BUNDLE_IDENTIFIER = "marten.Bookmark-Buddy";
				PRODUCT_NAME = "Bookmark Buddy";
				SDKROOT = macosx;
				SWIFT_EMIT_LOC_STRINGS = YES;
				SWIFT_VERSION = 5.0;
			};
			name = Debug;
		};
		9B949A982D2F4402003E430A /* Release */ = {
			isa = XCBuildConfiguration;
			buildSettings = {
				ASSETCATALOG_COMPILER_APPICON_NAME = AppIcon;
				ASSETCATALOG_COMPILER_GLOBAL_ACCENT_COLOR_NAME = AccentColor;
				CODE_SIGN_ENTITLEMENTS = "macOS (App)/Bookmark Buddy.entitlements";
				CODE_SIGN_STYLE = Automatic;
				CURRENT_PROJECT_VERSION = 1;
				DEVELOPMENT_TEAM = 39FT745G3K;
				ENABLE_HARDENED_RUNTIME = YES;
				GENERATE_INFOPLIST_FILE = YES;
				INFOPLIST_KEY_CFBundleDisplayName = "Bookmark Buddy";
				INFOPLIST_KEY_NSMainStoryboardFile = Main;
				INFOPLIST_KEY_NSPrincipalClass = NSApplication;
				LD_RUNPATH_SEARCH_PATHS = (
					"$(inherited)",
					"@executable_path/../Frameworks",
				);
				MACOSX_DEPLOYMENT_TARGET = 10.14;
				MARKETING_VERSION = 1.0;
				OTHER_LDFLAGS = (
					"-framework",
					SafariServices,
					"-framework",
					WebKit,
				);
				PRODUCT_BUNDLE_IDENTIFIER = "marten.Bookmark-Buddy";
				PRODUCT_NAME = "Bookmark Buddy";
				SDKROOT = macosx;
				SWIFT_EMIT_LOC_STRINGS = YES;
				SWIFT_VERSION = 5.0;
			};
			name = Release;
		};
		9B949A9B2D2F4402003E430A /* Debug */ = {
			isa = XCBuildConfiguration;
			buildSettings = {
				ALWAYS_SEARCH_USER_PATHS = NO;
				ASSETCATALOG_COMPILER_GENERATE_SWIFT_ASSET_SYMBOL_EXTENSIONS = YES;
				CLANG_ANALYZER_NONNULL = YES;
				CLANG_ANALYZER_NUMBER_OBJECT_CONVERSION = YES_AGGRESSIVE;
				CLANG_CXX_LANGUAGE_STANDARD = "gnu++20";
				CLANG_ENABLE_MODULES = YES;
				CLANG_ENABLE_OBJC_ARC = YES;
				CLANG_ENABLE_OBJC_WEAK = YES;
				CLANG_WARN_BLOCK_CAPTURE_AUTORELEASING = YES;
				CLANG_WARN_BOOL_CONVERSION = YES;
				CLANG_WARN_COMMA = YES;
				CLANG_WARN_CONSTANT_CONVERSION = YES;
				CLANG_WARN_DEPRECATED_OBJC_IMPLEMENTATIONS = YES;
				CLANG_WARN_DIRECT_OBJC_ISA_USAGE = YES_ERROR;
				CLANG_WARN_DOCUMENTATION_COMMENTS = YES;
				CLANG_WARN_EMPTY_BODY = YES;
				CLANG_WARN_ENUM_CONVERSION = YES;
				CLANG_WARN_INFINITE_RECURSION = YES;
				CLANG_WARN_INT_CONVERSION = YES;
				CLANG_WARN_NON_LITERAL_NULL_CONVERSION = YES;
				CLANG_WARN_OBJC_IMPLICIT_RETAIN_SELF = YES;
				CLANG_WARN_OBJC_LITERAL_CONVERSION = YES;
				CLANG_WARN_OBJC_ROOT_CLASS = YES_ERROR;
				CLANG_WARN_QUOTED_INCLUDE_IN_FRAMEWORK_HEADER = YES;
				CLANG_WARN_RANGE_LOOP_ANALYSIS = YES;
				CLANG_WARN_STRICT_PROTOTYPES = YES;
				CLANG_WARN_SUSPICIOUS_MOVE = YES;
				CLANG_WARN_UNGUARDED_AVAILABILITY = YES_AGGRESSIVE;
				CLANG_WARN_UNREACHABLE_CODE = YES;
				CLANG_WARN__DUPLICATE_METHOD_MATCH = YES;
				COPY_PHASE_STRIP = NO;
				DEBUG_INFORMATION_FORMAT = dwarf;
				ENABLE_STRICT_OBJC_MSGSEND = YES;
				ENABLE_TESTABILITY = YES;
				ENABLE_USER_SCRIPT_SANDBOXING = YES;
				GCC_C_LANGUAGE_STANDARD = gnu17;
				GCC_DYNAMIC_NO_PIC = NO;
				GCC_NO_COMMON_BLOCKS = YES;
				GCC_OPTIMIZATION_LEVEL = 0;
				GCC_PREPROCESSOR_DEFINITIONS = (
					"DEBUG=1",
					"$(inherited)",
				);
				GCC_WARN_64_TO_32_BIT_CONVERSION = YES;
				GCC_WARN_ABOUT_RETURN_TYPE = YES_ERROR;
				GCC_WARN_UNDECLARED_SELECTOR = YES;
				GCC_WARN_UNINITIALIZED_AUTOS = YES_AGGRESSIVE;
				GCC_WARN_UNUSED_FUNCTION = YES;
				GCC_WARN_UNUSED_VARIABLE = YES;
				LOCALIZATION_PREFERS_STRING_CATALOGS = YES;
				MTL_ENABLE_DEBUG_INFO = INCLUDE_SOURCE;
				MTL_FAST_MATH = YES;
				ONLY_ACTIVE_ARCH = YES;
				SWIFT_ACTIVE_COMPILATION_CONDITIONS = "DEBUG $(inherited)";
				SWIFT_OPTIMIZATION_LEVEL = "-Onone";
			};
			name = Debug;
		};
		9B949A9C2D2F4402003E430A /* Release */ = {
			isa = XCBuildConfiguration;
			buildSettings = {
				ALWAYS_SEARCH_USER_PATHS = NO;
				ASSETCATALOG_COMPILER_GENERATE_SWIFT_ASSET_SYMBOL_EXTENSIONS = YES;
				CLANG_ANALYZER_NONNULL = YES;
				CLANG_ANALYZER_NUMBER_OBJECT_CONVERSION = YES_AGGRESSIVE;
				CLANG_CXX_LANGUAGE_STANDARD = "gnu++20";
				CLANG_ENABLE_MODULES = YES;
				CLANG_ENABLE_OBJC_ARC = YES;
				CLANG_ENABLE_OBJC_WEAK = YES;
				CLANG_WARN_BLOCK_CAPTURE_AUTORELEASING = YES;
				CLANG_WARN_BOOL_CONVERSION = YES;
				CLANG_WARN_COMMA = YES;
				CLANG_WARN_CONSTANT_CONVERSION = YES;
				CLANG_WARN_DEPRECATED_OBJC_IMPLEMENTATIONS = YES;
				CLANG_WARN_DIRECT_OBJC_ISA_USAGE = YES_ERROR;
				CLANG_WARN_DOCUMENTATION_COMMENTS = YES;
				CLANG_WARN_EMPTY_BODY = YES;
				CLANG_WARN_ENUM_CONVERSION = YES;
				CLANG_WARN_INFINITE_RECURSION = YES;
				CLANG_WARN_INT_CONVERSION = YES;
				CLANG_WARN_NON_LITERAL_NULL_CONVERSION = YES;
				CLANG_WARN_OBJC_IMPLICIT_RETAIN_SELF = YES;
				CLANG_WARN_OBJC_LITERAL_CONVERSION = YES;
				CLANG_WARN_OBJC_ROOT_CLASS = YES_ERROR;
				CLANG_WARN_QUOTED_INCLUDE_IN_FRAMEWORK_HEADER = YES;
				CLANG_WARN_RANGE_LOOP_ANALYSIS = YES;
				CLANG_WARN_STRICT_PROTOTYPES = YES;
				CLANG_WARN_SUSPICIOUS_MOVE = YES;
				CLANG_WARN_UNGUARDED_AVAILABILITY = YES_AGGRESSIVE;
				CLANG_WARN_UNREACHABLE_CODE = YES;
				CLANG_WARN__DUPLICATE_METHOD_MATCH = YES;
				COPY_PHASE_STRIP = NO;
				DEBUG_INFORMATION_FORMAT = "dwarf-with-dsym";
				ENABLE_NS_ASSERTIONS = NO;
				ENABLE_STRICT_OBJC_MSGSEND = YES;
				ENABLE_USER_SCRIPT_SANDBOXING = YES;
				GCC_C_LANGUAGE_STANDARD = gnu17;
				GCC_NO_COMMON_BLOCKS = YES;
				GCC_WARN_64_TO_32_BIT_CONVERSION = YES;
				GCC_WARN_ABOUT_RETURN_TYPE = YES_ERROR;
				GCC_WARN_UNDECLARED_SELECTOR = YES;
				GCC_WARN_UNINITIALIZED_AUTOS = YES_AGGRESSIVE;
				GCC_WARN_UNUSED_FUNCTION = YES;
				GCC_WARN_UNUSED_VARIABLE = YES;
				LOCALIZATION_PREFERS_STRING_CATALOGS = YES;
				MTL_ENABLE_DEBUG_INFO = NO;
				MTL_FAST_MATH = YES;
				SWIFT_COMPILATION_MODE = wholemodule;
			};
			name = Release;
		};
/* End XCBuildConfiguration section */

/* Begin XCConfigurationList section */
		9B949A202D2F4401003E430A /* Build configuration list for PBXProject "Bookmark Buddy" */ = {
			isa = XCConfigurationList;
			buildConfigurations = (
				9B949A9B2D2F4402003E430A /* Debug */,
				9B949A9C2D2F4402003E430A /* Release */,
			);
			defaultConfigurationIsVisible = 0;
			defaultConfigurationName = Release;
		};
		9B949A872D2F4402003E430A /* Build configuration list for PBXNativeTarget "Bookmark Buddy Extension (iOS)" */ = {
			isa = XCConfigurationList;
			buildConfigurations = (
				9B949A882D2F4402003E430A /* Debug */,
				9B949A892D2F4402003E430A /* Release */,
			);
			defaultConfigurationIsVisible = 0;
			defaultConfigurationName = Release;
		};
		9B949A8C2D2F4402003E430A /* Build configuration list for PBXNativeTarget "Bookmark Buddy (iOS)" */ = {
			isa = XCConfigurationList;
			buildConfigurations = (
				9B949A8D2D2F4402003E430A /* Debug */,
				9B949A8E2D2F4402003E430A /* Release */,
			);
			defaultConfigurationIsVisible = 0;
			defaultConfigurationName = Release;
		};
		9B949A912D2F4402003E430A /* Build configuration list for PBXNativeTarget "Bookmark Buddy Extension (macOS)" */ = {
			isa = XCConfigurationList;
			buildConfigurations = (
				9B949A922D2F4402003E430A /* Debug */,
				9B949A932D2F4402003E430A /* Release */,
			);
			defaultConfigurationIsVisible = 0;
			defaultConfigurationName = Release;
		};
		9B949A962D2F4402003E430A /* Build configuration list for PBXNativeTarget "Bookmark Buddy (macOS)" */ = {
			isa = XCConfigurationList;
			buildConfigurations = (
				9B949A972D2F4402003E430A /* Debug */,
				9B949A982D2F4402003E430A /* Release */,
			);
			defaultConfigurationIsVisible = 0;
			defaultConfigurationName = Release;
		};
/* End XCConfigurationList section */
	};
	rootObject = 9B949A1D2D2F4401003E430A /* Project object */;
}
